github.com/leoopd/html-link_parser v0.2.6 h1:3AKHMvivslSf3WkKcX2w5wZ5XZlvNlvPrI8TecygwIw=
github.com/leoopd/html-link_parser v0.2.6/go.mod h1:8Xk4L7UiyykohFyxjzAcBgkGsThht+XfdUwIbGb9xNo=
golang.org/x/net v0.2.0 h1:sZfSu1wtKLGlWI4ZZayP0ck9Y73K1ynO6gqzTdBVdPU=
golang.org/x/net v0.2.0/go.mod h1:KqCZLdyyvdV855qA2rE3GC2aiw5xGR5TEjj8smXukLY=
